
Microsoft Visual Studio Solution File, Format Version 12.00
# Visual Studio Version 17
VisualStudioVersion = 17.14.36414.22 d17.14
MinimumVisualStudioVersion = 10.0.40219.1
Project("{FAE04EC0-301F-11D3-BF4B-00C04F79EFBC}") = "wfcharcreator", "wfcharcreator\wfcharcreator.csproj", "{EB880F1A-6E52-4FE0-B22F-440D8960D036}"
EndProject
Global
	GlobalSection(SolutionConfigurationPlatforms) = preSolution
		Debug|Any CPU = Debug|Any CPU
		Release|Any CPU = Release|Any CPU
	EndGlobalSection
	GlobalSection(ProjectConfigurationPlatforms) = postSolution
		{EB880F1A-6E52-4FE0-B22F-440D8960D036}.Debug|Any CPU.ActiveCfg = Debug|Any CPU
		{EB880F1A-6E52-4FE0-B22F-440D8960D036}.Debug|Any CPU.Build.0 = Debug|Any CPU
		{EB880F1A-6E52-4FE0-B22F-440D8960D036}.Release|Any CPU.ActiveCfg = Release|Any CPU
		{EB880F1A-6E52-4FE0-B22F-440D8960D036}.Release|Any CPU.Build.0 = Release|Any CPU
	EndGlobalSection
	GlobalSection(SolutionProperties) = preSolution
		HideSolutionNode = FALSE
	EndGlobalSection
	GlobalSection(ExtensibilityGlobals) = postSolution
		SolutionGuid = {0A2277AA-3CED-42A7-81D8-C47EB6ABB044}
	EndGlobalSection
EndGlobal
